// !$*UTF8*$!
{
	archiveVersion = 1;
	classes = {
	};
	objectVersion = 46;
	objects = {

/* Begin PBXBuildFile section */
		52AC10761A5C4E1300A71CBF /* BayesIM.cpp in Sources */ = {isa = PBXBuildFile; fileRef = 52AC10731A5C4E1300A71CBF /* BayesIM.cpp */; };
		52AC10771A5C4E1300A71CBF /* utility.cpp in Sources */ = {isa = PBXBuildFile; fileRef = 52AC10741A5C4E1300A71CBF /* utility.cpp */; };
		52AC10781A5C4E1300A71CBF /* Configuration.cpp in Sources */ = {isa = PBXBuildFile; fileRef = 52AC10751A5C4E1300A71CBF /* Configuration.cpp */; };
/* End PBXBuildFile section */

/* Begin PBXCopyFilesBuildPhase section */
		52AC10671A5C4DC400A71CBF /* CopyFiles */ = {
			isa = PBXCopyFilesBuildPhase;
			buildActionMask = 2147483647;
			dstPath = /usr/share/man/man1/;
			dstSubfolderSpec = 0;
			files = (
			);
			runOnlyForDeploymentPostprocessing = 1;
		};
/* End PBXCopyFilesBuildPhase section */

/* Begin PBXFileReference section */
		52AC10691A5C4DC400A71CBF /* BayesIM */ = {isa = PBXFileReference; explicitFileType = "compiled.mach-o.executable"; includeInIndex = 0; path = BayesIM; sourceTree = BUILT_PRODUCTS_DIR; };
		52AC10731A5C4E1300A71CBF /* BayesIM.cpp */ = {isa = PBXFileReference; fileEncoding = 4; lastKnownFileType = sourcecode.cpp.cpp; name = BayesIM.cpp; path = ../../src/BayesIM.cpp; sourceTree = "<group>"; };
		52AC10741A5C4E1300A71CBF /* utility.cpp */ = {isa = PBXFileReference; fileEncoding = 4; lastKnownFileType = sourcecode.cpp.cpp; name = utility.cpp; path = ../../src/utility.cpp; sourceTree = "<group>"; };
		52AC10751A5C4E1300A71CBF /* Configuration.cpp */ = {isa = PBXFileReference; fileEncoding = 4; lastKnownFileType = sourcecode.cpp.cpp; name = Configuration.cpp; path = ../../src/Configuration.cpp; sourceTree = "<group>"; };
		52AC10791A5C4E3C00A71CBF /* impute.h */ = {isa = PBXFileReference; fileEncoding = 4; lastKnownFileType = sourcecode.c.h; name = impute.h; path = ../../include/impute.h; sourceTree = "<group>"; };
		52AC107A1A5C4E3C00A71CBF /* Configuration.h */ = {isa = PBXFileReference; fileEncoding = 4; lastKnownFileType = sourcecode.c.h; name = Configuration.h; path = ../../include/Configuration.h; sourceTree = "<group>"; };
/* End PBXFileReference section */

/* Begin PBXFrameworksBuildPhase section */
		52AC10661A5C4DC400A71CBF /* Frameworks */ = {
			isa = PBXFrameworksBuildPhase;
			buildActionMask = 2147483647;
			files = (
			);
			runOnlyForDeploymentPostprocessing = 0;
		};
/* End PBXFrameworksBuildPhase section */

/* Begin PBXGroup section */
		52AC10601A5C4DC300A71CBF = {
			isa = PBXGroup;
			children = (
				52AC106B1A5C4DC400A71CBF /* BayesIM */,
				52AC106A1A5C4DC400A71CBF /* Products */,
			);
			sourceTree = "<group>";
		};
		52AC106A1A5C4DC400A71CBF /* Products */ = {
			isa = PBXGroup;
			children = (
				52AC10691A5C4DC400A71CBF /* BayesIM */,
			);
			name = Products;
			sourceTree = "<group>";
		};
		52AC106B1A5C4DC400A71CBF /* BayesIM */ = {
			isa = PBXGroup;
			children = (
				52AC10791A5C4E3C00A71CBF /* impute.h */,
				52AC107A1A5C4E3C00A71CBF /* Configuration.h */,
				52AC10731A5C4E1300A71CBF /* BayesIM.cpp */,
				52AC10741A5C4E1300A71CBF /* utility.cpp */,
				52AC10751A5C4E1300A71CBF /* Configuration.cpp */,
			);
			path = BayesIM;
			sourceTree = "<group>";
		};
/* End PBXGroup section */

/* Begin PBXNativeTarget section */
		52AC10681A5C4DC400A71CBF /* BayesIM */ = {
			isa = PBXNativeTarget;
			buildConfigurationList = 52AC10701A5C4DC400A71CBF /* Build configuration list for PBXNativeTarget "BayesIM" */;
			buildPhases = (
				52AC10651A5C4DC400A71CBF /* Sources */,
				52AC10661A5C4DC400A71CBF /* Frameworks */,
				52AC10671A5C4DC400A71CBF /* CopyFiles */,
			);
			buildRules = (
			);
			dependencies = (
			);
			name = BayesIM;
			productName = BayesIM;
			productReference = 52AC10691A5C4DC400A71CBF /* BayesIM */;
			productType = "com.apple.product-type.tool";
		};
/* End PBXNativeTarget section */

/* Begin PBXProject section */
		52AC10611A5C4DC300A71CBF /* Project object */ = {
			isa = PBXProject;
			attributes = {
				LastUpgradeCheck = 0610;
				ORGANIZATIONNAME = "Steve Kachman";
				TargetAttributes = {
					52AC10681A5C4DC400A71CBF = {
						CreatedOnToolsVersion = 6.1.1;
					};
				};
			};
			buildConfigurationList = 52AC10641A5C4DC300A71CBF /* Build configuration list for PBXProject "BayesIM" */;
			compatibilityVersion = "Xcode 3.2";
			developmentRegion = English;
			hasScannedForEncodings = 0;
			knownRegions = (
				en,
			);
			mainGroup = 52AC10601A5C4DC300A71CBF;
			productRefGroup = 52AC106A1A5C4DC400A71CBF /* Products */;
			projectDirPath = "";
			projectRoot = "";
			targets = (
				52AC10681A5C4DC400A71CBF /* BayesIM */,
			);
		};
/* End PBXProject section */

/* Begin PBXSourcesBuildPhase section */
		52AC10651A5C4DC400A71CBF /* Sources */ = {
			isa = PBXSourcesBuildPhase;
			buildActionMask = 2147483647;
			files = (
				52AC10771A5C4E1300A71CBF /* utility.cpp in Sources */,
				52AC10761A5C4E1300A71CBF /* BayesIM.cpp in Sources */,
				52AC10781A5C4E1300A71CBF /* Configuration.cpp in Sources */,
			);
			runOnlyForDeploymentPostprocessing = 0;
		};
/* End PBXSourcesBuildPhase section */

/* Begin XCBuildConfiguration section */
		52AC106E1A5C4DC400A71CBF /* Debug */ = {
			isa = XCBuildConfiguration;
			buildSettings = {
				ALWAYS_SEARCH_USER_PATHS = NO;
				CLANG_CXX_LANGUAGE_STANDARD = "gnu++0x";
				CLANG_CXX_LIBRARY = "libc++";
				CLANG_ENABLE_MODULES = YES;
				CLANG_ENABLE_OBJC_ARC = YES;
				CLANG_WARN_BOOL_CONVERSION = YES;
				CLANG_WARN_CONSTANT_CONVERSION = YES;
				CLANG_WARN_DIRECT_OBJC_ISA_USAGE = YES_ERROR;
				CLANG_WARN_EMPTY_BODY = YES;
				CLANG_WARN_ENUM_CONVERSION = YES;
				CLANG_WARN_INT_CONVERSION = YES;
				CLANG_WARN_OBJC_ROOT_CLASS = YES_ERROR;
				CLANG_WARN_UNREACHABLE_CODE = YES;
				CLANG_WARN__DUPLICATE_METHOD_MATCH = YES;
				COPY_PHASE_STRIP = NO;
				ENABLE_STRICT_OBJC_MSGSEND = YES;
				GCC_C_LANGUAGE_STANDARD = gnu99;
				GCC_DYNAMIC_NO_PIC = NO;
				GCC_OPTIMIZATION_LEVEL = 0;
				GCC_PREPROCESSOR_DEFINITIONS = (
					"DEBUG=1",
					"$(inherited)",
				);
				GCC_SYMBOLS_PRIVATE_EXTERN = NO;
				GCC_WARN_64_TO_32_BIT_CONVERSION = YES;
				GCC_WARN_ABOUT_RETURN_TYPE = YES_ERROR;
				GCC_WARN_UNDECLARED_SELECTOR = YES;
				GCC_WARN_UNINITIALIZED_AUTOS = YES_AGGRESSIVE;
				GCC_WARN_UNUSED_FUNCTION = YES;
				GCC_WARN_UNUSED_VARIABLE = YES;
				MACOSX_DEPLOYMENT_TARGET = 10.10;
				MTL_ENABLE_DEBUG_INFO = YES;
				ONLY_ACTIVE_ARCH = YES;
				SDKROOT = macosx;
			};
			name = Debug;
		};
		52AC106F1A5C4DC400A71CBF /* Release */ = {
			isa = XCBuildConfiguration;
			buildSettings = {
				ALWAYS_SEARCH_USER_PATHS = NO;
				CLANG_CXX_LANGUAGE_STANDARD = "gnu++0x";
				CLANG_CXX_LIBRARY = "libc++";
				CLANG_ENABLE_MODULES = YES;
				CLANG_ENABLE_OBJC_ARC = YES;
				CLANG_WARN_BOOL_CONVERSION = YES;
				CLANG_WARN_CONSTANT_CONVERSION = YES;
				CLANG_WARN_DIRECT_OBJC_ISA_USAGE = YES_ERROR;
				CLANG_WARN_EMPTY_BODY = YES;
				CLANG_WARN_ENUM_CONVERSION = YES;
				CLANG_WARN_INT_CONVERSION = YES;
				CLANG_WARN_OBJC_ROOT_CLASS = YES_ERROR;
				CLANG_WARN_UNREACHABLE_CODE = YES;
				CLANG_WARN__DUPLICATE_METHOD_MATCH = YES;
				COPY_PHASE_STRIP = YES;
				DEBUG_INFORMATION_FORMAT = "dwarf-with-dsym";
				ENABLE_NS_ASSERTIONS = NO;
				ENABLE_STRICT_OBJC_MSGSEND = YES;
				GCC_C_LANGUAGE_STANDARD = gnu99;
				GCC_WARN_64_TO_32_BIT_CONVERSION = YES;
				GCC_WARN_ABOUT_RETURN_TYPE = YES_ERROR;
				GCC_WARN_UNDECLARED_SELECTOR = YES;
				GCC_WARN_UNINITIALIZED_AUTOS = YES_AGGRESSIVE;
				GCC_WARN_UNUSED_FUNCTION = YES;
				GCC_WARN_UNUSED_VARIABLE = YES;
				MACOSX_DEPLOYMENT_TARGET = 10.10;
				MTL_ENABLE_DEBUG_INFO = NO;
				SDKROOT = macosx;
			};
			name = Release;
		};
		52AC10711A5C4DC400A71CBF /* Debug */ = {
			isa = XCBuildConfiguration;
			buildSettings = {
				GCC_VERSION = com.intel.compilers.icc.15_0_0;
				PRODUCT_NAME = "$(TARGET_NAME)";
			};
			name = Debug;
		};
		52AC10721A5C4DC400A71CBF /* Release */ = {
			isa = XCBuildConfiguration;
			buildSettings = {
				GCC_VERSION = com.intel.compilers.icc.15_0_0;
				PRODUCT_NAME = "$(TARGET_NAME)";
				"USER_HEADER_SEARCH_PATHS[arch=*]" = "";
			};
			name = Release;
		};
/* End XCBuildConfiguration section */

/* Begin XCConfigurationList section */
		52AC10641A5C4DC300A71CBF /* Build configuration list for PBXProject "BayesIM" */ = {
			isa = XCConfigurationList;
			buildConfigurations = (
				52AC106E1A5C4DC400A71CBF /* Debug */,
				52AC106F1A5C4DC400A71CBF /* Release */,
			);
			defaultConfigurationIsVisible = 0;
			defaultConfigurationName = Release;
		};
		52AC10701A5C4DC400A71CBF /* Build configuration list for PBXNativeTarget "BayesIM" */ = {
			isa = XCConfigurationList;
			buildConfigurations = (
				52AC10711A5C4DC400A71CBF /* Debug */,
				52AC10721A5C4DC400A71CBF /* Release */,
			);
			defaultConfigurationIsVisible = 0;
		};
/* End XCConfigurationList section */
	};
	rootObject = 52AC10611A5C4DC300A71CBF /* Project object */;
}
